{"SurveyEntry":{"SurveyID":"SV_887tASY7oNJ0Uxo","SurveyName":"qualtreats_demo2","SurveyDescription":null,"SurveyOwnerID":"UR_20sS5h5XH1Izatg","SurveyBrandID":"oregon","DivisionID":null,"SurveyLanguage":"EN","SurveyActiveResponseSet":"RS_8w6VwM6lX0E5EwK","SurveyStatus":"Active","SurveyStartDate":"0000-00-00 00:00:00","SurveyExpirationDate":"0000-00-00 00:00:00","SurveyCreationDate":"2022-03-29 14:45:06","CreatorID":"UR_20sS5h5XH1Izatg","LastModified":"2022-04-13 09:49:23","LastAccessed":"0000-00-00 00:00:00","LastActivated":"2022-03-30 10:00:58","Deleted":null},"SurveyElements":[{"SurveyID":"SV_887tASY7oNJ0Uxo","Element":"BL","PrimaryAttribute":"Survey Blocks","SecondaryAttribute":null,"TertiaryAttribute":null,"Payload":[{"Type":"Default","Description":"RADIO","ID":"BL_aY1Y56VIZknvEX4","BlockElements":[{"Type":"Question","QuestionID":"QID2"},{"Type":"Question","QuestionID":"QID1"},{"Type":"Question","QuestionID":"QID3"},{"Type":"Question","QuestionID":"QID4"},{"Type":"Question","QuestionID":"QID5"}],"Options":{"BlockLocking":"false","RandomizeQuestions":"false","BlockVisibility":"Collapsed"}},{"Type":"Trash","Description":"Trash \/ Unused Questions","ID":"BL_d0gwPUjPWYSp3RI","BlockElements":[]},{"Type":"Standard","SubType":"","Description":"CHECKBOX","ID":"BL_0caFykvAskmljUi","BlockElements":[{"Type":"Question","QuestionID":"QID6"},{"Type":"Question","QuestionID":"QID7"},{"Type":"Question","QuestionID":"QID8"}],"Options":{"BlockLocking":"false","RandomizeQuestions":"false","BlockVisibility":"Collapsed"}},{"Type":"Standard","SubType":"","Description":"MATRIX","ID":"BL_cI9yHvVKzNrdqse","BlockElements":[{"Type":"Question","QuestionID":"QID10"},{"Type":"Question","QuestionID":"QID11"},{"Type":"Question","QuestionID":"QID19"}],"Options":{"BlockLocking":"false","RandomizeQuestions":"false","BlockVisibility":"Collapsed"}},{"Type":"Standard","SubType":"","Description":"TEXT","ID":"BL_3Vglbs1lYVcvqaG","BlockElements":[{"Type":"Question","QuestionID":"QID13"},{"Type":"Question","QuestionID":"QID14"},{"Type":"Question","QuestionID":"QID15"},{"Type":"Question","QuestionID":"QID16"},{"Type":"Question","QuestionID":"QID17"}],"Options":{"BlockLocking":"false","RandomizeQuestions":"false","BlockVisibility":"Collapsed"}},{"Type":"Standard","SubType":"","Description":"LOOP_NUM","ID":"BL_eLnuwsxeEsWfAZE","BlockElements":[{"Type":"Question","QuestionID":"QID20"}],"Options":{"BlockLocking":"false","RandomizeQuestions":"false","BlockVisibility":"Collapsed"}},{"Type":"Standard","SubType":"","Description":"LOOP","ID":"BL_dmaAGFqSHABf6wS","BlockElements":[{"Type":"Question","QuestionID":"QID21"}],"Options":{"BlockLocking":"false","RandomizeQuestions":"false","Looping":"Question","LoopingOptions":{"Locator":"q:\/\/QID20\/LoopAndMerge\/MergeOnNumericResponse?v=3","QID":"QID20","ChoiceGroupLocator":"q:\/\/QID20\/LoopAndMerge\/MergeOnNumericResponse","Static":{"1":[],"2":[],"3":[]},"Randomization":"None"},"BlockVisibility":"Collapsed"}}]},{"SurveyID":"SV_887tASY7oNJ0Uxo","Element":"FL","PrimaryAttribute":"Survey Flow","SecondaryAttribute":null,"TertiaryAttribute":null,"Payload":{"Flow":[{"ID":"BL_aY1Y56VIZknvEX4","Type":"Block","FlowID":"FL_2"},{"ID":"BL_0caFykvAskmljUi","Type":"Standard","FlowID":"FL_3"},{"ID":"BL_cI9yHvVKzNrdqse","Type":"Standard","FlowID":"FL_4"},{"ID":"BL_3Vglbs1lYVcvqaG","Type":"Standard","FlowID":"FL_5"},{"ID":"BL_eLnuwsxeEsWfAZE","Type":"Standard","FlowID":"FL_6"},{"ID":"BL_dmaAGFqSHABf6wS","Type":"Standard","FlowID":"FL_7"}],"Properties":{"Count":7},"FlowID":"FL_1","Type":"Root"}},{"SurveyID":"SV_887tASY7oNJ0Uxo","Element":"NT","PrimaryAttribute":"NT_6nheBJySPLoWpKe","SecondaryAttribute":null,"TertiaryAttribute":null,"Payload":{"Notes":[{"Message":"Going to add recode values to this and one of the checkboxes","ID":"NO_5jYYnTkhESzko62","UserID":"UR_20sS5h5XH1Izatg","Timestamp":1648589906,"Removed":false}],"UserStatuses":{"UR_20sS5h5XH1Izatg":"Expanded"},"ParentID":"QID1","ID":"NT_6nheBJySPLoWpKe"}},{"SurveyID":"SV_887tASY7oNJ0Uxo","Element":"NT","PrimaryAttribute":"NT_e8UMwGHH5JqOqr4","SecondaryAttribute":null,"TertiaryAttribute":null,"Payload":{"Notes":[{"Message":"I'm going to delete the second choice and then re-insert it so that the choice numbers are different","ID":"NO_eDT8UF5f6NylPJs","UserID":"UR_20sS5h5XH1Izatg","Timestamp":1648588415,"Removed":true},{"Message":"I moved this to the top so that the first two qids are out of order","ID":"NO_9ueZv6CwMlME102","UserID":"UR_20sS5h5XH1Izatg","Timestamp":1648589304,"Removed":false}],"UserStatuses":{"UR_20sS5h5XH1Izatg":"Expanded"},"ParentID":"QID2","ID":"NT_e8UMwGHH5JqOqr4"}},{"SurveyID":"SV_887tASY7oNJ0Uxo","Element":"SO","PrimaryAttribute":"Survey Options","SecondaryAttribute":null,"TertiaryAttribute":null,"Payload":{"BackButton":"false","SaveAndContinue":"true","SurveyProtection":"PublicSurvey","BallotBoxStuffingPrevention":"false","NoIndex":"Yes","SecureResponseFiles":"true","SurveyExpiration":"None","SurveyTermination":"DefaultMessage","Header":"","Footer":"","ProgressBarDisplay":"None","PartialData":"+1 week","ValidationMessage":"","PreviousButton":"","NextButton":"","SurveyTitle":"Qualtrics Survey | Qualtrics Experience Management","SkinLibrary":"oregon","SkinType":"MQ","Skin":"oregon3","NewScoring":1,"SurveyName":"qualtreats_demo"}},{"SurveyID":"SV_887tASY7oNJ0Uxo","Element":"SCO","PrimaryAttribute":"Scoring","SecondaryAttribute":null,"TertiaryAttribute":null,"Payload":{"ScoringCategories":[],"ScoringCategoryGroups":[],"ScoringSummaryCategory":null,"ScoringSummaryAfterQuestions":0,"ScoringSummaryAfterSurvey":0,"DefaultScoringCategory":null,"AutoScoringCategory":null}},{"SurveyID":"SV_887tASY7oNJ0Uxo","Element":"PROJ","PrimaryAttribute":"CORE","SecondaryAttribute":null,"TertiaryAttribute":"1.1.0","Payload":{"ProjectCategory":"CORE","SchemaVersion":"1.1.0"}},{"SurveyID":"SV_887tASY7oNJ0Uxo","Element":"STAT","PrimaryAttribute":"Survey Statistics","SecondaryAttribute":null,"TertiaryAttribute":null,"Payload":{"MobileCompatible":true,"ID":"Survey Statistics"}},{"SurveyID":"SV_887tASY7oNJ0Uxo","Element":"QC","PrimaryAttribute":"Survey Question Count","SecondaryAttribute":"21","TertiaryAttribute":null,"Payload":null},{"SurveyID":"SV_887tASY7oNJ0Uxo","Element":"SQ","PrimaryAttribute":"QID11","SecondaryAttribute":"checkbox matrix","TertiaryAttribute":null,"Payload":{"QuestionText":"checkbox matrix","DefaultChoices":false,"DataExportTag":"Q11","QuestionType":"Matrix","Selector":"Likert","SubSelector":"MultipleAnswer","DataVisibility":{"Private":false,"Hidden":false},"Configuration":{"QuestionDescriptionOption":"UseText","TextPosition":"inline","ChoiceColumnWidth":25,"RepeatHeaders":"none","WhiteSpace":"OFF","MobileFirst":true},"QuestionDescription":"checkbox matrix","Choices":{"1":{"Display":"row1"},"2":{"Display":"row2","TextEntry":"true"},"3":{"Display":"row3"}},"ChoiceOrder":["1","2","3"],"Validation":{"Settings":{"ForceResponse":"OFF","Type":"None"}},"GradingData":[],"Language":[],"NextChoiceId":4,"NextAnswerId":5,"Answers":{"1":{"Display":"option1"},"2":{"Display":"option2"},"3":{"Display":"option3"},"4":{"Display":"option4"}},"AnswerOrder":[1,2,3,4],"ChoiceDataExportTags":false,"QuestionID":"QID11"}},{"SurveyID":"SV_887tASY7oNJ0Uxo","Element":"SQ","PrimaryAttribute":"QID3","SecondaryAttribute":"Column radio","TertiaryAttribute":null,"Payload":{"QuestionText":"Column radio","DataExportTag":"Q3","QuestionType":"MC","Selector":"SACOL","SubSelector":"TX","DataVisibility":{"Private":false,"Hidden":false},"Configuration":{"QuestionDescriptionOption":"UseText","NumColumns":2},"QuestionDescription":"Column radio","Choices":{"1":{"Display":"A"},"2":{"Display":"B"},"3":{"Display":"C","TextEntry":"true"},"4":{"Display":"D"}},"ChoiceOrder":[1,2,3,4],"Validation":{"Settings":{"ForceResponse":"OFF","Type":"None"}},"Language":[],"NextChoiceId":5,"NextAnswerId":1,"QuestionID":"QID3"}},{"SurveyID":"SV_887tASY7oNJ0Uxo","Element":"RS","PrimaryAttribute":"RS_8w6VwM6lX0E5EwK","SecondaryAttribute":"Default Response Set","TertiaryAttribute":null,"Payload":null},{"SurveyID":"SV_887tASY7oNJ0Uxo","Element":"SQ","PrimaryAttribute":"QID17","SecondaryAttribute":"descriptive text","TertiaryAttribute":null,"Payload":{"QuestionText":"descriptive text","DefaultChoices":false,"DataExportTag":"Q17","QuestionID":"QID17","QuestionType":"DB","Selector":"TB","Configuration":{"QuestionDescriptionOption":"UseText"},"QuestionDescription":"descriptive text","ChoiceOrder":[],"Validation":{"Settings":{"Type":"None"}},"GradingData":[],"Language":[],"NextChoiceId":4,"NextAnswerId":1}},{"SurveyID":"SV_887tASY7oNJ0Uxo","Element":"SQ","PrimaryAttribute":"QID4","SecondaryAttribute":"Dropdown","TertiaryAttribute":null,"Payload":{"QuestionText":"Dropdown","DataExportTag":"Q4","QuestionType":"MC","Selector":"DL","DataVisibility":{"Private":false,"Hidden":false},"Configuration":{"QuestionDescriptionOption":"UseText","NumColumns":2},"QuestionDescription":"Dropdown","Choices":{"1":{"Display":"A"},"2":{"Display":"B"},"3":{"Display":"C","TextEntry":"true"},"4":{"Display":"D"}},"ChoiceOrder":[1,2,3,4],"Validation":{"Settings":{"ForceResponse":"OFF","Type":"None"}},"Language":[],"NextChoiceId":5,"NextAnswerId":1,"QuestionID":"QID4"}},{"SurveyID":"SV_887tASY7oNJ0Uxo","Element":"SQ","PrimaryAttribute":"QID19","SecondaryAttribute":"dropdown matrix","TertiaryAttribute":null,"Payload":{"QuestionText":"dropdown matrix","DefaultChoices":false,"DataExportTag":"Q19","QuestionType":"Matrix","Selector":"Likert","SubSelector":"DL","DataVisibility":{"Private":false,"Hidden":false},"Configuration":{"QuestionDescriptionOption":"UseText","TextPosition":"inline","ChoiceColumnWidth":25,"RepeatHeaders":"none"},"QuestionDescription":"dropdown matrix","Choices":{"1":{"Display":"row1","TextEntry":"true"},"2":{"Display":"row2"},"3":{"Display":"row3","TextEntry":"true"},"4":{"Display":"row4"}},"ChoiceOrder":[1,2,3,4],"Validation":{"Settings":{"ForceResponse":"OFF","Type":"None"}},"GradingData":[],"Language":[],"NextChoiceId":5,"NextAnswerId":5,"Answers":{"1":{"Display":"option1"},"2":{"Display":"option2"},"3":{"Display":"option3"},"4":{"Display":"option4"}},"AnswerOrder":[1,2,3,4],"ChoiceDataExportTags":false,"QuestionID":"QID19"}},{"SurveyID":"SV_887tASY7oNJ0Uxo","Element":"SQ","PrimaryAttribute":"QID15","SecondaryAttribute":"form","TertiaryAttribute":null,"Payload":{"QuestionText":"form","DefaultChoices":false,"DataExportTag":"Q15","QuestionID":"QID15","QuestionType":"TE","Selector":"FORM","Configuration":{"QuestionDescriptionOption":"UseText"},"QuestionDescription":"form","Choices":{"1":{"Display":"form_entry1"},"2":{"Display":"form_entry2"},"3":{"Display":"form_entry3"}},"ChoiceOrder":["1","2","3"],"Validation":{"Settings":{"ForceResponse":"OFF","Type":null}},"GradingData":[],"Language":[],"NextChoiceId":4,"NextAnswerId":1,"SearchSource":{"AllowFreeResponse":"false"}}},{"SurveyID":"SV_887tASY7oNJ0Uxo","Element":"SQ","PrimaryAttribute":"QID7","SecondaryAttribute":"Horizontal checkbox","TertiaryAttribute":null,"Payload":{"QuestionText":"Horizontal checkbox","DefaultChoices":false,"DataExportTag":"Q7","QuestionType":"MC","Selector":"MAHR","SubSelector":"TX","DataVisibility":{"Private":false,"Hidden":false},"Configuration":{"QuestionDescriptionOption":"UseText","LabelPosition":"BELOW"},"QuestionDescription":"Horizontal checkbox","Choices":{"1":{"Display":"x","TextEntry":"true"},"2":{"Display":"y","TextEntry":"true"},"3":{"Display":"z"}},"ChoiceOrder":["1","2","3"],"Validation":{"Settings":{"ForceResponse":"OFF","Type":"None"}},"GradingData":[],"Language":[],"NextChoiceId":4,"NextAnswerId":1,"QuestionID":"QID7"}},{"SurveyID":"SV_887tASY7oNJ0Uxo","Element":"SQ","PrimaryAttribute":"QID8","SecondaryAttribute":"Horizontal checkbox","TertiaryAttribute":null,"Payload":{"QuestionText":"Select box checkbox","DefaultChoices":false,"DataExportTag":"Q8","QuestionType":"MC","Selector":"MSB","DataVisibility":{"Private":false,"Hidden":false},"Configuration":{"QuestionDescriptionOption":"SpecifyLabel","LabelPosition":"BELOW"},"QuestionDescription":"Horizontal checkbox","Choices":{"1":{"Display":"x","TextEntry":"true"},"2":{"Display":"y","TextEntry":"true"},"3":{"Display":"z"}},"ChoiceOrder":["1","2","3"],"Validation":{"Settings":{"ForceResponse":"OFF","Type":"None"}},"GradingData":[],"Language":[],"NextChoiceId":4,"NextAnswerId":1,"QuestionID":"QID8"}},{"SurveyID":"SV_887tASY7oNJ0Uxo","Element":"SQ","PrimaryAttribute":"QID2","SecondaryAttribute":"Horizontal radio","TertiaryAttribute":null,"Payload":{"QuestionText":"Horizontal radio","DataExportTag":"Q2","QuestionType":"MC","Selector":"SAVR","SubSelector":"TX","DataVisibility":{"Private":false,"Hidden":false},"Configuration":{"QuestionDescriptionOption":"UseText"},"QuestionDescription":"Horizontal radio","Choices":{"2":{"Display":"A"},"3":{"Display":"C","TextEntry":"true"},"4":{"Display":"B"}},"ChoiceOrder":[2,3,"4"],"Validation":{"Settings":{"ForceResponse":"OFF","Type":"None"}},"Language":[],"NextChoiceId":5,"NextAnswerId":1,"QuestionID":"QID2"}},{"SurveyID":"SV_887tASY7oNJ0Uxo","Element":"SQ","PrimaryAttribute":"QID20","SecondaryAttribute":"How many times to loop and merge?","TertiaryAttribute":null,"Payload":{"QuestionText":"How many times to loop and merge?","DefaultChoices":false,"DataExportTag":"Q20","QuestionID":"QID20","QuestionType":"MC","Selector":"SAVR","SubSelector":"TX","Configuration":{"QuestionDescriptionOption":"UseText"},"QuestionDescription":"How many times to loop and merge?","Choices":{"1":{"Display":"1"},"2":{"Display":"2"},"3":{"Display":"3"}},"ChoiceOrder":["1","2","3"],"Validation":{"Settings":{"ForceResponse":"OFF","Type":"None"}},"GradingData":[],"Language":[],"NextChoiceId":4,"NextAnswerId":1,"DataVisibility":{"Private":false,"Hidden":false},"RecodeValues":{"1":"1","2":"2","3":"3"}}},{"SurveyID":"SV_887tASY7oNJ0Uxo","Element":"SQ","PrimaryAttribute":"QID14","SecondaryAttribute":"multiple line","TertiaryAttribute":null,"Payload":{"QuestionText":"multiple line","DefaultChoices":false,"DataExportTag":"Q14","QuestionType":"TE","Selector":"ML","DataVisibility":{"Private":false,"Hidden":false},"Configuration":{"QuestionDescriptionOption":"UseText"},"QuestionDescription":"multiple line","Validation":{"Settings":{"ForceResponse":"OFF","Type":"None"}},"GradingData":[],"Language":[],"NextChoiceId":4,"NextAnswerId":1,"SearchSource":{"AllowFreeResponse":"false"},"QuestionID":"QID14"}},{"SurveyID":"SV_887tASY7oNJ0Uxo","Element":"SQ","PrimaryAttribute":"QID10","SecondaryAttribute":"radio matrix","TertiaryAttribute":null,"Payload":{"QuestionText":"radio matrix","DefaultChoices":false,"DataExportTag":"Q10","QuestionType":"Matrix","Selector":"Likert","SubSelector":"SingleAnswer","Configuration":{"QuestionDescriptionOption":"UseText","TextPosition":"inline","ChoiceColumnWidth":25,"RepeatHeaders":"none","WhiteSpace":"OFF","MobileFirst":true},"QuestionDescription":"radio matrix","Choices":{"1":{"Display":"row1"},"2":{"Display":"row2","TextEntry":"true"},"3":{"Display":"row3"}},"ChoiceOrder":["1","2","3"],"Validation":{"Settings":{"ForceResponse":"OFF","Type":"None"}},"GradingData":[],"Language":[],"NextChoiceId":4,"NextAnswerId":5,"Answers":{"1":{"Display":"option1"},"2":{"Display":"option2"},"3":{"Display":"option3"},"4":{"Display":"option4"}},"AnswerOrder":[1,2,3,4],"ChoiceDataExportTags":false,"QuestionID":"QID10"}},{"SurveyID":"SV_887tASY7oNJ0Uxo","Element":"SQ","PrimaryAttribute":"QID5","SecondaryAttribute":"Select box radio","TertiaryAttribute":null,"Payload":{"QuestionText":"Select box radio","DataExportTag":"Q5","QuestionType":"MC","Selector":"SB","DataVisibility":{"Private":false,"Hidden":false},"Configuration":{"QuestionDescriptionOption":"UseText"},"QuestionDescription":"Select box radio","Choices":{"1":{"Display":"A"},"2":{"Display":"B"},"3":{"Display":"C","TextEntry":"true"},"4":{"Display":"D"}},"ChoiceOrder":[1,2,3,4],"Validation":{"Settings":{"ForceResponse":"OFF","Type":"None"}},"Language":[],"NextChoiceId":5,"NextAnswerId":1,"QuestionID":"QID5"}},{"SurveyID":"SV_887tASY7oNJ0Uxo","Element":"SQ","PrimaryAttribute":"QID16","SecondaryAttribute":"signature","TertiaryAttribute":null,"Payload":{"QuestionText":"signature","DefaultChoices":false,"DataExportTag":"Q16","QuestionID":"QID16","QuestionType":"Draw","Selector":"Signature","Configuration":{"QuestionDescriptionOption":"UseText","ShowBackgroundText":true,"BoxSize":"Medium"},"QuestionDescription":"signature","Validation":{"Settings":{"ForceResponse":"OFF"}},"GradingData":[],"Language":[],"NextChoiceId":4,"NextAnswerId":1}},{"SurveyID":"SV_887tASY7oNJ0Uxo","Element":"SQ","PrimaryAttribute":"QID13","SecondaryAttribute":"single line","TertiaryAttribute":null,"Payload":{"QuestionText":"single line","DefaultChoices":false,"DataExportTag":"Q13","QuestionType":"TE","Selector":"SL","Configuration":{"QuestionDescriptionOption":"UseText"},"QuestionDescription":"single line","Validation":{"Settings":{"ForceResponse":"OFF","Type":"None"}},"GradingData":[],"Language":[],"NextChoiceId":4,"NextAnswerId":1,"SearchSource":{"AllowFreeResponse":"false"},"QuestionID":"QID13"}},{"SurveyID":"SV_887tASY7oNJ0Uxo","Element":"SQ","PrimaryAttribute":"QID6","SecondaryAttribute":"Vertical checkbox","TertiaryAttribute":null,"Payload":{"QuestionText":"Vertical checkbox","DefaultChoices":false,"DataExportTag":"Q6","QuestionType":"MC","Selector":"MAVR","SubSelector":"TX","Configuration":{"QuestionDescriptionOption":"UseText"},"QuestionDescription":"Vertical checkbox","Choices":{"1":{"Display":"x","TextEntry":"true"},"2":{"Display":"y","TextEntry":"true"},"3":{"Display":"z"},"4":{"Display":"lambda"}},"ChoiceOrder":["1","4","2","3"],"Validation":{"Settings":{"ForceResponse":"OFF","Type":"None"}},"GradingData":[],"Language":[],"NextChoiceId":5,"NextAnswerId":1,"QuestionID":"QID6","DataVisibility":{"Private":false,"Hidden":false},"RecodeValues":{"1":"0","2":"10","3":"-1","4":"11"}}},{"SurveyID":"SV_887tASY7oNJ0Uxo","Element":"SQ","PrimaryAttribute":"QID1","SecondaryAttribute":"Vertical radio","TertiaryAttribute":null,"Payload":{"QuestionText":"Vertical radio","DataExportTag":"Q1","QuestionType":"MC","Selector":"SAVR","SubSelector":"TX","Configuration":{"QuestionDescriptionOption":"UseText"},"QuestionDescription":"Vertical radio","Choices":{"1":{"Display":"A"},"2":{"Display":"B","TextEntry":"true"},"3":{"Display":"C"}},"ChoiceOrder":["1","2","3"],"Validation":{"Settings":{"ForceResponse":"OFF","Type":"None"}},"Language":[],"NextChoiceId":4,"NextAnswerId":1,"QuestionID":"QID1","DataVisibility":{"Private":false,"Hidden":false},"RecodeValues":{"1":"-1","2":"0","3":"1"}}},{"SurveyID":"SV_887tASY7oNJ0Uxo","Element":"SQ","PrimaryAttribute":"QID21","SecondaryAttribute":"What are your thoughts on loop number ${lm:\/\/CurrentLoopNumber}?","TertiaryAttribute":null,"Payload":{"QuestionText":"What are your thoughts on loop number ${lm:\/\/CurrentLoopNumber}?","DefaultChoices":false,"DataExportTag":"Q21","QuestionType":"TE","Selector":"SL","Configuration":{"QuestionDescriptionOption":"UseText"},"QuestionDescription":"What are your thoughts on loop number ${lm:\/\/CurrentLoopNumber}?","Validation":{"Settings":{"ForceResponse":"OFF","Type":"None"}},"GradingData":[],"Language":[],"NextChoiceId":4,"NextAnswerId":1,"SearchSource":{"AllowFreeResponse":"false"},"QuestionID":"QID21","DataVisibility":{"Private":false,"Hidden":false}}}]}